
Microsoft Visual Studio Solution File, Format Version 12.00
# Visual Studio Version 17
VisualStudioVersion = 17.5.33627.172
MinimumVisualStudioVersion = 10.0.40219.1
Project("{FAE04EC0-301F-11D3-BF4B-00C04F79EFBC}") = "AppAPI_CtaBancaria.Android", "AppAPI_CtaBancaria\AppAPI_CtaBancaria.Android\AppAPI_CtaBancaria.Android.csproj", "{8FED8E55-6F19-4556-935E-C49AB8ABC6AD}"
EndProject
Project("{FAE04EC0-301F-11D3-BF4B-00C04F79EFBC}") = "AppAPI_CtaBancaria.iOS", "AppAPI_CtaBancaria\AppAPI_CtaBancaria.iOS\AppAPI_CtaBancaria.iOS.csproj", "{FA47D45A-1754-4074-B4C4-BB95BD327B5E}"
EndProject
Project("{FAE04EC0-301F-11D3-BF4B-00C04F79EFBC}") = "AppAPI_CtaBancaria", "AppAPI_CtaBancaria\AppAPI_CtaBancaria\AppAPI_CtaBancaria.csproj", "{373A7B7C-C20D-4B06-909F-77B5CC4B1DD5}"
EndProject
Global
	GlobalSection(SolutionConfigurationPlatforms) = preSolution
		Debug|Any CPU = Debug|Any CPU
		Debug|iPhone = Debug|iPhone
		Debug|iPhoneSimulator = Debug|iPhoneSimulator
		Release|Any CPU = Release|Any CPU
		Release|iPhone = Release|iPhone
		Release|iPhoneSimulator = Release|iPhoneSimulator
	EndGlobalSection
	GlobalSection(ProjectConfigurationPlatforms) = postSolution
		{8FED8E55-6F19-4556-935E-C49AB8ABC6AD}.Debug|Any CPU.ActiveCfg = Debug|Any CPU
		{8FED8E55-6F19-4556-935E-C49AB8ABC6AD}.Debug|Any CPU.Build.0 = Debug|Any CPU
		{8FED8E55-6F19-4556-935E-C49AB8ABC6AD}.Debug|Any CPU.Deploy.0 = Debug|Any CPU
		{8FED8E55-6F19-4556-935E-C49AB8ABC6AD}.Debug|iPhone.ActiveCfg = Debug|Any CPU
		{8FED8E55-6F19-4556-935E-C49AB8ABC6AD}.Debug|iPhone.Build.0 = Debug|Any CPU
		{8FED8E55-6F19-4556-935E-C49AB8ABC6AD}.Debug|iPhone.Deploy.0 = Debug|Any CPU
		{8FED8E55-6F19-4556-935E-C49AB8ABC6AD}.Debug|iPhoneSimulator.ActiveCfg = Debug|Any CPU
		{8FED8E55-6F19-4556-935E-C49AB8ABC6AD}.Debug|iPhoneSimulator.Build.0 = Debug|Any CPU
		{8FED8E55-6F19-4556-935E-C49AB8ABC6AD}.Debug|iPhoneSimulator.Deploy.0 = Debug|Any CPU
		{8FED8E55-6F19-4556-935E-C49AB8ABC6AD}.Release|Any CPU.ActiveCfg = Release|Any CPU
		{8FED8E55-6F19-4556-935E-C49AB8ABC6AD}.Release|Any CPU.Build.0 = Release|Any CPU
		{8FED8E55-6F19-4556-935E-C49AB8ABC6AD}.Release|Any CPU.Deploy.0 = Release|Any CPU
		{8FED8E55-6F19-4556-935E-C49AB8ABC6AD}.Release|iPhone.ActiveCfg = Release|Any CPU
		{8FED8E55-6F19-4556-935E-C49AB8ABC6AD}.Release|iPhone.Build.0 = Release|Any CPU
		{8FED8E55-6F19-4556-935E-C49AB8ABC6AD}.Release|iPhone.Deploy.0 = Release|Any CPU
		{8FED8E55-6F19-4556-935E-C49AB8ABC6AD}.Release|iPhoneSimulator.ActiveCfg = Release|Any CPU
		{8FED8E55-6F19-4556-935E-C49AB8ABC6AD}.Release|iPhoneSimulator.Build.0 = Release|Any CPU
		{8FED8E55-6F19-4556-935E-C49AB8ABC6AD}.Release|iPhoneSimulator.Deploy.0 = Release|Any CPU
		{FA47D45A-1754-4074-B4C4-BB95BD327B5E}.Debug|Any CPU.ActiveCfg = Debug|iPhone
		{FA47D45A-1754-4074-B4C4-BB95BD327B5E}.Debug|Any CPU.Build.0 = Debug|iPhone
		{FA47D45A-1754-4074-B4C4-BB95BD327B5E}.Debug|Any CPU.Deploy.0 = Debug|iPhone
		{FA47D45A-1754-4074-B4C4-BB95BD327B5E}.Debug|iPhone.ActiveCfg = Debug|iPhone
		{FA47D45A-1754-4074-B4C4-BB95BD327B5E}.Debug|iPhone.Build.0 = Debug|iPhone
		{FA47D45A-1754-4074-B4C4-BB95BD327B5E}.Debug|iPhone.Deploy.0 = Debug|iPhone
		{FA47D45A-1754-4074-B4C4-BB95BD327B5E}.Debug|iPhoneSimulator.ActiveCfg = Debug|iPhoneSimulator
		{FA47D45A-1754-4074-B4C4-BB95BD327B5E}.Debug|iPhoneSimulator.Build.0 = Debug|iPhoneSimulator
		{FA47D45A-1754-4074-B4C4-BB95BD327B5E}.Debug|iPhoneSimulator.Deploy.0 = Debug|iPhoneSimulator
		{FA47D45A-1754-4074-B4C4-BB95BD327B5E}.Release|Any CPU.ActiveCfg = Release|iPhoneSimulator
		{FA47D45A-1754-4074-B4C4-BB95BD327B5E}.Release|Any CPU.Build.0 = Release|iPhoneSimulator
		{FA47D45A-1754-4074-B4C4-BB95BD327B5E}.Release|Any CPU.Deploy.0 = Release|iPhoneSimulator
		{FA47D45A-1754-4074-B4C4-BB95BD327B5E}.Release|iPhone.ActiveCfg = Release|iPhone
		{FA47D45A-1754-4074-B4C4-BB95BD327B5E}.Release|iPhone.Build.0 = Release|iPhone
		{FA47D45A-1754-4074-B4C4-BB95BD327B5E}.Release|iPhone.Deploy.0 = Release|iPhone
		{FA47D45A-1754-4074-B4C4-BB95BD327B5E}.Release|iPhoneSimulator.ActiveCfg = Release|iPhoneSimulator
		{FA47D45A-1754-4074-B4C4-BB95BD327B5E}.Release|iPhoneSimulator.Build.0 = Release|iPhoneSimulator
		{FA47D45A-1754-4074-B4C4-BB95BD327B5E}.Release|iPhoneSimulator.Deploy.0 = Release|iPhoneSimulator
		{373A7B7C-C20D-4B06-909F-77B5CC4B1DD5}.Debug|Any CPU.ActiveCfg = Debug|Any CPU
		{373A7B7C-C20D-4B06-909F-77B5CC4B1DD5}.Debug|Any CPU.Build.0 = Debug|Any CPU
		{373A7B7C-C20D-4B06-909F-77B5CC4B1DD5}.Debug|Any CPU.Deploy.0 = Debug|Any CPU
		{373A7B7C-C20D-4B06-909F-77B5CC4B1DD5}.Debug|iPhone.ActiveCfg = Debug|Any CPU
		{373A7B7C-C20D-4B06-909F-77B5CC4B1DD5}.Debug|iPhone.Build.0 = Debug|Any CPU
		{373A7B7C-C20D-4B06-909F-77B5CC4B1DD5}.Debug|iPhone.Deploy.0 = Debug|Any CPU
		{373A7B7C-C20D-4B06-909F-77B5CC4B1DD5}.Debug|iPhoneSimulator.ActiveCfg = Debug|Any CPU
		{373A7B7C-C20D-4B06-909F-77B5CC4B1DD5}.Debug|iPhoneSimulator.Build.0 = Debug|Any CPU
		{373A7B7C-C20D-4B06-909F-77B5CC4B1DD5}.Debug|iPhoneSimulator.Deploy.0 = Debug|Any CPU
		{373A7B7C-C20D-4B06-909F-77B5CC4B1DD5}.Release|Any CPU.ActiveCfg = Release|Any CPU
		{373A7B7C-C20D-4B06-909F-77B5CC4B1DD5}.Release|Any CPU.Build.0 = Release|Any CPU
		{373A7B7C-C20D-4B06-909F-77B5CC4B1DD5}.Release|Any CPU.Deploy.0 = Release|Any CPU
		{373A7B7C-C20D-4B06-909F-77B5CC4B1DD5}.Release|iPhone.ActiveCfg = Release|Any CPU
		{373A7B7C-C20D-4B06-909F-77B5CC4B1DD5}.Release|iPhone.Build.0 = Release|Any CPU
		{373A7B7C-C20D-4B06-909F-77B5CC4B1DD5}.Release|iPhone.Deploy.0 = Release|Any CPU
		{373A7B7C-C20D-4B06-909F-77B5CC4B1DD5}.Release|iPhoneSimulator.ActiveCfg = Release|Any CPU
		{373A7B7C-C20D-4B06-909F-77B5CC4B1DD5}.Release|iPhoneSimulator.Build.0 = Release|Any CPU
		{373A7B7C-C20D-4B06-909F-77B5CC4B1DD5}.Release|iPhoneSimulator.Deploy.0 = Release|Any CPU
	EndGlobalSection
	GlobalSection(SolutionProperties) = preSolution
		HideSolutionNode = FALSE
	EndGlobalSection
	GlobalSection(ExtensibilityGlobals) = postSolution
		SolutionGuid = {007753F0-BE7D-4686-87F7-4B98AD3DE726}
	EndGlobalSection
EndGlobal
